
Microsoft Visual Studio Solution File, Format Version 11.00
# Visual Studio 2010
Project("{FAE04EC0-301F-11D3-BF4B-00C04F79EFBC}") = "FNA", "FNA.csproj", "{35253CE1-C864-4CD3-8249-4D1319748E8F}"
EndProject
Project("{FAE04EC0-301F-11D3-BF4B-00C04F79EFBC}") = "FNA.Core", "FNA.Core.csproj", "{E78B69FC-17FC-47B1-8BED-EF786786D1DA}"
EndProject
Project("{FAE04EC0-301F-11D3-BF4B-00C04F79EFBC}") = "FNA.NetFramework", "FNA.NetFramework.csproj", "{893B85FB-4DF6-4884-A274-10013E47B3EC}"
EndProject
Project("{FAE04EC0-301F-11D3-BF4B-00C04F79EFBC}") = "FNA.NetStandard", "FNA.NetStandard.csproj", "{3E1A217A-4A60-43C7-82DF-2D6B04C73A5B}"
EndProject
Global
	GlobalSection(SolutionConfigurationPlatforms) = preSolution
		Debug|x86 = Debug|x86
		Release|x86 = Release|x86
		Debug|x64 = Debug|x64
		Release|x64 = Release|x64
		Debug|Any CPU = Debug|Any CPU
		Release|Any CPU = Release|Any CPU
	EndGlobalSection
	GlobalSection(ProjectConfigurationPlatforms) = postSolution
		{35253CE1-C864-4CD3-8249-4D1319748E8F}.Debug|x64.ActiveCfg = Debug|x64
		{35253CE1-C864-4CD3-8249-4D1319748E8F}.Debug|x64.Build.0 = Debug|x64
		{35253CE1-C864-4CD3-8249-4D1319748E8F}.Release|x64.ActiveCfg = Release|x64
		{35253CE1-C864-4CD3-8249-4D1319748E8F}.Release|x64.Build.0 = Release|x64
		{35253CE1-C864-4CD3-8249-4D1319748E8F}.Debug|Any CPU.ActiveCfg = Release|x64
		{35253CE1-C864-4CD3-8249-4D1319748E8F}.Debug|Any CPU.Build.0 = Release|x64
		{35253CE1-C864-4CD3-8249-4D1319748E8F}.Release|Any CPU.ActiveCfg = Release|Any CPU
		{35253CE1-C864-4CD3-8249-4D1319748E8F}.Release|Any CPU.Build.0 = Release|Any CPU
		{E78B69FC-17FC-47B1-8BED-EF786786D1DA}.Debug|x86.ActiveCfg = Debug|Any CPU
		{E78B69FC-17FC-47B1-8BED-EF786786D1DA}.Debug|x86.Build.0 = Debug|Any CPU
		{E78B69FC-17FC-47B1-8BED-EF786786D1DA}.Release|x86.ActiveCfg = Release|Any CPU
		{E78B69FC-17FC-47B1-8BED-EF786786D1DA}.Release|x86.Build.0 = Release|Any CPU
		{E78B69FC-17FC-47B1-8BED-EF786786D1DA}.Debug|x64.ActiveCfg = Debug|Any CPU
		{E78B69FC-17FC-47B1-8BED-EF786786D1DA}.Debug|x64.Build.0 = Debug|Any CPU
		{E78B69FC-17FC-47B1-8BED-EF786786D1DA}.Release|x64.ActiveCfg = Release|Any CPU
		{E78B69FC-17FC-47B1-8BED-EF786786D1DA}.Release|x64.Build.0 = Release|Any CPU
		{E78B69FC-17FC-47B1-8BED-EF786786D1DA}.Debug|Any CPU.ActiveCfg = Debug|Any CPU
		{E78B69FC-17FC-47B1-8BED-EF786786D1DA}.Debug|Any CPU.Build.0 = Debug|Any CPU
		{E78B69FC-17FC-47B1-8BED-EF786786D1DA}.Release|Any CPU.ActiveCfg = Release|Any CPU
		{E78B69FC-17FC-47B1-8BED-EF786786D1DA}.Release|Any CPU.Build.0 = Release|Any CPU
		{893B85FB-4DF6-4884-A274-10013E47B3EC}.Debug|x86.ActiveCfg = Debug|x64
		{893B85FB-4DF6-4884-A274-10013E47B3EC}.Debug|x86.Build.0 = Debug|x64
		{893B85FB-4DF6-4884-A274-10013E47B3EC}.Release|x86.ActiveCfg = Release|x64
		{893B85FB-4DF6-4884-A274-10013E47B3EC}.Release|x86.Build.0 = Release|x64
		{893B85FB-4DF6-4884-A274-10013E47B3EC}.Debug|x64.ActiveCfg = Debug|x64
		{893B85FB-4DF6-4884-A274-10013E47B3EC}.Debug|x64.Build.0 = Debug|x64
		{893B85FB-4DF6-4884-A274-10013E47B3EC}.Release|x64.ActiveCfg = Release|x64
		{893B85FB-4DF6-4884-A274-10013E47B3EC}.Release|x64.Build.0 = Release|x64
		{893B85FB-4DF6-4884-A274-10013E47B3EC}.Debug|Any CPU.ActiveCfg = Debug|x64
		{893B85FB-4DF6-4884-A274-10013E47B3EC}.Debug|Any CPU.Build.0 = Debug|x64
		{893B85FB-4DF6-4884-A274-10013E47B3EC}.Release|Any CPU.ActiveCfg = Release|x64
		{893B85FB-4DF6-4884-A274-10013E47B3EC}.Release|Any CPU.Build.0 = Release|x64
		{3E1A217A-4A60-43C7-82DF-2D6B04C73A5B}.Debug|x86.ActiveCfg = Debug|Any CPU
		{3E1A217A-4A60-43C7-82DF-2D6B04C73A5B}.Debug|x86.Build.0 = Debug|Any CPU
		{3E1A217A-4A60-43C7-82DF-2D6B04C73A5B}.Release|x86.ActiveCfg = Release|Any CPU
		{3E1A217A-4A60-43C7-82DF-2D6B04C73A5B}.Release|x86.Build.0 = Release|Any CPU
		{3E1A217A-4A60-43C7-82DF-2D6B04C73A5B}.Debug|x64.ActiveCfg = Debug|Any CPU
		{3E1A217A-4A60-43C7-82DF-2D6B04C73A5B}.Debug|x64.Build.0 = Debug|Any CPU
		{3E1A217A-4A60-43C7-82DF-2D6B04C73A5B}.Release|x64.ActiveCfg = Release|Any CPU
		{3E1A217A-4A60-43C7-82DF-2D6B04C73A5B}.Release|x64.Build.0 = Release|Any CPU
		{3E1A217A-4A60-43C7-82DF-2D6B04C73A5B}.Debug|Any CPU.ActiveCfg = Debug|Any CPU
		{3E1A217A-4A60-43C7-82DF-2D6B04C73A5B}.Debug|Any CPU.Build.0 = Debug|Any CPU
		{3E1A217A-4A60-43C7-82DF-2D6B04C73A5B}.Release|Any CPU.ActiveCfg = Release|Any CPU
		{3E1A217A-4A60-43C7-82DF-2D6B04C73A5B}.Release|Any CPU.Build.0 = Release|Any CPU
	EndGlobalSection
	GlobalSection(MonoDevelopProperties) = preSolution
		StartupItem = FNA.csproj
	EndGlobalSection
EndGlobal
