
Microsoft Visual Studio Solution File, Format Version 11.00
# Visual Studio 2010
Project("{FAE04EC0-301F-11D3-BF4B-00C04F79EFBC}") = "FNA", "projects\FNA\FNA.csproj", "{4BBED072-57A0-4280-8F40-5CFC8013999F}"
EndProject
Project("{FAE04EC0-301F-11D3-BF4B-00C04F79EFBC}") = "FNA.Core", "projects\FNA.Core\FNA.Core.csproj", "{2705CC2C-9319-4AD0-9C77-F4AFB3FD8AA7}"
EndProject
Project("{FAE04EC0-301F-11D3-BF4B-00C04F79EFBC}") = "FNA.NetFramework", "projects\FNA.NetFramework\FNA.NetFramework.csproj", "{E987882A-9C92-449A-B04D-0436A832C4E8}"
EndProject
Project("{FAE04EC0-301F-11D3-BF4B-00C04F79EFBC}") = "FNA.NetStandard", "projects\FNA.NetStandard\FNA.NetStandard.csproj", "{19C7A929-525A-4DE4-984E-A710E94A4053}"
EndProject
Global
	GlobalSection(SolutionConfigurationPlatforms) = preSolution
		Debug|x86 = Debug|x86
		Release|x86 = Release|x86
		Debug|x64 = Debug|x64
		Release|x64 = Release|x64
		Debug|Any CPU = Debug|Any CPU
		Release|Any CPU = Release|Any CPU
	EndGlobalSection
	GlobalSection(ProjectConfigurationPlatforms) = postSolution
		{4BBED072-57A0-4280-8F40-5CFC8013999F}.Debug|x86.ActiveCfg = Debug|Any CPU
		{4BBED072-57A0-4280-8F40-5CFC8013999F}.Debug|x86.Build.0 = Debug|Any CPU
		{4BBED072-57A0-4280-8F40-5CFC8013999F}.Release|x86.ActiveCfg = Release|Any CPU
		{4BBED072-57A0-4280-8F40-5CFC8013999F}.Release|x86.Build.0 = Release|Any CPU
		{4BBED072-57A0-4280-8F40-5CFC8013999F}.Debug|x64.ActiveCfg = Debug|Any CPU
		{4BBED072-57A0-4280-8F40-5CFC8013999F}.Debug|x64.Build.0 = Debug|Any CPU
		{4BBED072-57A0-4280-8F40-5CFC8013999F}.Release|x64.ActiveCfg = Release|Any CPU
		{4BBED072-57A0-4280-8F40-5CFC8013999F}.Release|x64.Build.0 = Release|Any CPU
		{4BBED072-57A0-4280-8F40-5CFC8013999F}.Debug|Any CPU.ActiveCfg = Debug|Any CPU
		{4BBED072-57A0-4280-8F40-5CFC8013999F}.Debug|Any CPU.Build.0 = Debug|Any CPU
		{4BBED072-57A0-4280-8F40-5CFC8013999F}.Release|Any CPU.ActiveCfg = Release|Any CPU
		{4BBED072-57A0-4280-8F40-5CFC8013999F}.Release|Any CPU.Build.0 = Release|Any CPU
		{2705CC2C-9319-4AD0-9C77-F4AFB3FD8AA7}.Debug|x86.ActiveCfg = Debug|Any CPU
		{2705CC2C-9319-4AD0-9C77-F4AFB3FD8AA7}.Debug|x86.Build.0 = Debug|Any CPU
		{2705CC2C-9319-4AD0-9C77-F4AFB3FD8AA7}.Release|x86.ActiveCfg = Release|Any CPU
		{2705CC2C-9319-4AD0-9C77-F4AFB3FD8AA7}.Release|x86.Build.0 = Release|Any CPU
		{2705CC2C-9319-4AD0-9C77-F4AFB3FD8AA7}.Debug|x64.ActiveCfg = Debug|Any CPU
		{2705CC2C-9319-4AD0-9C77-F4AFB3FD8AA7}.Debug|x64.Build.0 = Debug|Any CPU
		{2705CC2C-9319-4AD0-9C77-F4AFB3FD8AA7}.Release|x64.ActiveCfg = Release|Any CPU
		{2705CC2C-9319-4AD0-9C77-F4AFB3FD8AA7}.Release|x64.Build.0 = Release|Any CPU
		{2705CC2C-9319-4AD0-9C77-F4AFB3FD8AA7}.Debug|Any CPU.ActiveCfg = Debug|Any CPU
		{2705CC2C-9319-4AD0-9C77-F4AFB3FD8AA7}.Debug|Any CPU.Build.0 = Debug|Any CPU
		{2705CC2C-9319-4AD0-9C77-F4AFB3FD8AA7}.Release|Any CPU.ActiveCfg = Release|Any CPU
		{2705CC2C-9319-4AD0-9C77-F4AFB3FD8AA7}.Release|Any CPU.Build.0 = Release|Any CPU
		{E987882A-9C92-449A-B04D-0436A832C4E8}.Debug|x86.ActiveCfg = Debug|Any CPU
		{E987882A-9C92-449A-B04D-0436A832C4E8}.Debug|x86.Build.0 = Debug|Any CPU
		{E987882A-9C92-449A-B04D-0436A832C4E8}.Release|x86.ActiveCfg = Release|Any CPU
		{E987882A-9C92-449A-B04D-0436A832C4E8}.Release|x86.Build.0 = Release|Any CPU
		{E987882A-9C92-449A-B04D-0436A832C4E8}.Debug|x64.ActiveCfg = Debug|Any CPU
		{E987882A-9C92-449A-B04D-0436A832C4E8}.Debug|x64.Build.0 = Debug|Any CPU
		{E987882A-9C92-449A-B04D-0436A832C4E8}.Release|x64.ActiveCfg = Release|Any CPU
		{E987882A-9C92-449A-B04D-0436A832C4E8}.Release|x64.Build.0 = Release|Any CPU
		{E987882A-9C92-449A-B04D-0436A832C4E8}.Debug|Any CPU.ActiveCfg = Debug|Any CPU
		{E987882A-9C92-449A-B04D-0436A832C4E8}.Debug|Any CPU.Build.0 = Debug|Any CPU
		{E987882A-9C92-449A-B04D-0436A832C4E8}.Release|Any CPU.ActiveCfg = Release|Any CPU
		{E987882A-9C92-449A-B04D-0436A832C4E8}.Release|Any CPU.Build.0 = Release|Any CPU
		{19C7A929-525A-4DE4-984E-A710E94A4053}.Debug|x86.ActiveCfg = Debug|Any CPU
		{19C7A929-525A-4DE4-984E-A710E94A4053}.Debug|x86.Build.0 = Debug|Any CPU
		{19C7A929-525A-4DE4-984E-A710E94A4053}.Release|x86.ActiveCfg = Release|Any CPU
		{19C7A929-525A-4DE4-984E-A710E94A4053}.Release|x86.Build.0 = Release|Any CPU
		{19C7A929-525A-4DE4-984E-A710E94A4053}.Debug|x64.ActiveCfg = Debug|Any CPU
		{19C7A929-525A-4DE4-984E-A710E94A4053}.Debug|x64.Build.0 = Debug|Any CPU
		{19C7A929-525A-4DE4-984E-A710E94A4053}.Release|x64.ActiveCfg = Release|Any CPU
		{19C7A929-525A-4DE4-984E-A710E94A4053}.Release|x64.Build.0 = Release|Any CPU
		{19C7A929-525A-4DE4-984E-A710E94A4053}.Debug|Any CPU.ActiveCfg = Debug|Any CPU
		{19C7A929-525A-4DE4-984E-A710E94A4053}.Debug|Any CPU.Build.0 = Debug|Any CPU
		{19C7A929-525A-4DE4-984E-A710E94A4053}.Release|Any CPU.ActiveCfg = Release|Any CPU
		{19C7A929-525A-4DE4-984E-A710E94A4053}.Release|Any CPU.Build.0 = Release|Any CPU
	EndGlobalSection
	GlobalSection(MonoDevelopProperties) = preSolution
		StartupItem = FNA.csproj
	EndGlobalSection
EndGlobal
